
Microsoft Visual Studio Solution File, Format Version 12.00
# Visual Studio 2012
Project("{FAE04EC0-301F-11D3-BF4B-00C04F79EFBC}") = "sem3_paw", "sem3_paw\sem3_paw.csproj", "{C81DE4AE-2B07-4585-8978-0CF8C47D23FE}"
EndProject
Global
	GlobalSection(SolutionConfigurationPlatforms) = preSolution
		Debug|Any CPU = Debug|Any CPU
		Release|Any CPU = Release|Any CPU
	EndGlobalSection
	GlobalSection(ProjectConfigurationPlatforms) = postSolution
		{C81DE4AE-2B07-4585-8978-0CF8C47D23FE}.Debug|Any CPU.ActiveCfg = Debug|Any CPU
		{C81DE4AE-2B07-4585-8978-0CF8C47D23FE}.Debug|Any CPU.Build.0 = Debug|Any CPU
		{C81DE4AE-2B07-4585-8978-0CF8C47D23FE}.Release|Any CPU.ActiveCfg = Release|Any CPU
		{C81DE4AE-2B07-4585-8978-0CF8C47D23FE}.Release|Any CPU.Build.0 = Release|Any CPU
	EndGlobalSection
	GlobalSection(SolutionProperties) = preSolution
		HideSolutionNode = FALSE
	EndGlobalSection
EndGlobal
